PODS:
  - demoSpec (0.1.0)
  - FBSnapshotTestCase (2.1.4):
    - FBSnapshotTestCase/SwiftSupport (= 2.1.4)
  - FBSnapshotTestCase/Core (2.1.4)
  - FBSnapshotTestCase/SwiftSupport (2.1.4):
    - FBSnapshotTestCase/Core

DEPENDENCIES:
  - demoSpec (from `../`)
  - FBSnapshotTestCase (~> 2.1.4)

SPEC REPOS:
  trunk:
    - FBSnapshotTestCase

EXTERNAL SOURCES:
  demoSpec:
    :path: "../"

SPEC CHECKSUMS:
  demoSpec: 44e2334090ca8281a6ef69d2a44422f2667f93dd
  FBSnapshotTestCase: 094f9f314decbabe373b87cc339bea235a63e07a

PODFILE CHECKSUM: 7b4d001a34f54a6ace396f208d891316c499b850

COCOAPODS: 1.9.1
